
Microsoft Visual Studio Solution File, Format Version 12.00
# Visual Studio Version 17
VisualStudioVersion = 17.7.34031.279
MinimumVisualStudioVersion = 10.0.40219.1
Project("{FAE04EC0-301F-11D3-BF4B-00C04F79EFBC}") = "TP1", "TP1\TP1.csproj", "{474BABB6-FE21-4500-AEE2-1087D7757FEB}"
EndProject
Global
	GlobalSection(SolutionConfigurationPlatforms) = preSolution
		Debug|Any CPU = Debug|Any CPU
		Release|Any CPU = Release|Any CPU
	EndGlobalSection
	GlobalSection(ProjectConfigurationPlatforms) = postSolution
		{474BABB6-FE21-4500-AEE2-1087D7757FEB}.Debug|Any CPU.ActiveCfg = Debug|Any CPU
		{474BABB6-FE21-4500-AEE2-1087D7757FEB}.Debug|Any CPU.Build.0 = Debug|Any CPU
		{474BABB6-FE21-4500-AEE2-1087D7757FEB}.Release|Any CPU.ActiveCfg = Release|Any CPU
		{474BABB6-FE21-4500-AEE2-1087D7757FEB}.Release|Any CPU.Build.0 = Release|Any CPU
	EndGlobalSection
	GlobalSection(SolutionProperties) = preSolution
		HideSolutionNode = FALSE
	EndGlobalSection
	GlobalSection(ExtensibilityGlobals) = postSolution
		SolutionGuid = {38C278A1-D04A-434A-A607-0B7311E5EACF}
	EndGlobalSection
EndGlobal
